
Microsoft Visual Studio Solution File, Format Version 12.00
# Visual Studio 14
VisualStudioVersion = 14.0.24720.0
MinimumVisualStudioVersion = 10.0.40219.1
Project("{FAE04EC0-301F-11D3-BF4B-00C04F79EFBC}") = "BookSaleTest", "BookSaleTest\BookSaleTest.csproj", "{89CA2F3F-A8A7-466D-93A6-0C8CA8CB199E}"
EndProject
Project("{FAE04EC0-301F-11D3-BF4B-00C04F79EFBC}") = "BookSale", "BookSale\BookSale.csproj", "{5EAB4AA3-32C0-474C-8B04-5C4E0B6CB3C0}"
EndProject
Global
	GlobalSection(SolutionConfigurationPlatforms) = preSolution
		Debug|Any CPU = Debug|Any CPU
		Release|Any CPU = Release|Any CPU
	EndGlobalSection
	GlobalSection(ProjectConfigurationPlatforms) = postSolution
		{89CA2F3F-A8A7-466D-93A6-0C8CA8CB199E}.Debug|Any CPU.ActiveCfg = Debug|Any CPU
		{89CA2F3F-A8A7-466D-93A6-0C8CA8CB199E}.Debug|Any CPU.Build.0 = Debug|Any CPU
		{89CA2F3F-A8A7-466D-93A6-0C8CA8CB199E}.Release|Any CPU.ActiveCfg = Release|Any CPU
		{89CA2F3F-A8A7-466D-93A6-0C8CA8CB199E}.Release|Any CPU.Build.0 = Release|Any CPU
		{5EAB4AA3-32C0-474C-8B04-5C4E0B6CB3C0}.Debug|Any CPU.ActiveCfg = Debug|Any CPU
		{5EAB4AA3-32C0-474C-8B04-5C4E0B6CB3C0}.Debug|Any CPU.Build.0 = Debug|Any CPU
		{5EAB4AA3-32C0-474C-8B04-5C4E0B6CB3C0}.Release|Any CPU.ActiveCfg = Release|Any CPU
		{5EAB4AA3-32C0-474C-8B04-5C4E0B6CB3C0}.Release|Any CPU.Build.0 = Release|Any CPU
	EndGlobalSection
	GlobalSection(SolutionProperties) = preSolution
		HideSolutionNode = FALSE
	EndGlobalSection
EndGlobal
